// !$*UTF8*$!
{
	archiveVersion = 1;
	classes = {
	};
	objectVersion = 55;
	objects = {

/* Begin PBXBuildFile section */
		2815211C27C333FC006E859C /* SearchResultCell.swift in Sources */ = {isa = PBXBuildFile; fileRef = 2815211B27C333FC006E859C /* SearchResultCell.swift */; };
		2815212227C4A87C006E859C /* UIImageView+DownloadImage.swift in Sources */ = {isa = PBXBuildFile; fileRef = 2815212127C4A87C006E859C /* UIImageView+DownloadImage.swift */; };
		282B434C27C1624700519292 /* AppDelegate.swift in Sources */ = {isa = PBXBuildFile; fileRef = 282B434B27C1624700519292 /* AppDelegate.swift */; };
		282B434E27C1624700519292 /* SceneDelegate.swift in Sources */ = {isa = PBXBuildFile; fileRef = 282B434D27C1624700519292 /* SceneDelegate.swift */; };
		282B435027C1624700519292 /* SearchViewController.swift in Sources */ = {isa = PBXBuildFile; fileRef = 282B434F27C1624700519292 /* SearchViewController.swift */; };
		282B435327C1624700519292 /* Main.storyboard in Resources */ = {isa = PBXBuildFile; fileRef = 282B435127C1624700519292 /* Main.storyboard */; };
		282B435527C1624B00519292 /* Assets.xcassets in Resources */ = {isa = PBXBuildFile; fileRef = 282B435427C1624B00519292 /* Assets.xcassets */; };
		282B436027C16BC100519292 /* SearchResult.swift in Sources */ = {isa = PBXBuildFile; fileRef = 282B435F27C16BC100519292 /* SearchResult.swift */; };
		284C6A5127CAC33700D665F6 /* DetailViewController.swift in Sources */ = {isa = PBXBuildFile; fileRef = 284C6A5027CAC33700D665F6 /* DetailViewController.swift */; };
		284C6A5327CC08AD00D665F6 /* GradientView.swift in Sources */ = {isa = PBXBuildFile; fileRef = 284C6A5227CC08AD00D665F6 /* GradientView.swift */; };
		284C6A5527CC099C00D665F6 /* BounceAnimationController.swift in Sources */ = {isa = PBXBuildFile; fileRef = 284C6A5427CC099C00D665F6 /* BounceAnimationController.swift */; };
		284C6A5727CC0ACA00D665F6 /* SlideOutAnimationController.swift in Sources */ = {isa = PBXBuildFile; fileRef = 284C6A5627CC0ACA00D665F6 /* SlideOutAnimationController.swift */; };
		284C6A5927CC49C900D665F6 /* LandscapeViewController.swift in Sources */ = {isa = PBXBuildFile; fileRef = 284C6A5827CC49C900D665F6 /* LandscapeViewController.swift */; };
		284C6A5B27CC4DB100D665F6 /* FadeOutAnimationController.swift in Sources */ = {isa = PBXBuildFile; fileRef = 284C6A5A27CC4DB100D665F6 /* FadeOutAnimationController.swift */; };
		284C6A5D27CC8E0100D665F6 /* Search.swift in Sources */ = {isa = PBXBuildFile; fileRef = 284C6A5C27CC8E0100D665F6 /* Search.swift */; };
		284C6A5E27CC978400D665F6 /* NothingFoundCell.xib in Resources */ = {isa = PBXBuildFile; fileRef = 284C6A6027CC978400D665F6 /* NothingFoundCell.xib */; };
		286B617F27CC9A8100E46BA1 /* LoadingCell.xib in Resources */ = {isa = PBXBuildFile; fileRef = 286B618127CC9A8100E46BA1 /* LoadingCell.xib */; };
		286B618627CC9C1600E46BA1 /* SearchResultCell.xib in Resources */ = {isa = PBXBuildFile; fileRef = 286B618827CC9C1600E46BA1 /* SearchResultCell.xib */; };
		286B618B27CC9DE000E46BA1 /* Localizable.strings in Resources */ = {isa = PBXBuildFile; fileRef = 286B618D27CC9DE000E46BA1 /* Localizable.strings */; };
		286B619127CCA27600E46BA1 /* InfoPlist.strings in Resources */ = {isa = PBXBuildFile; fileRef = 286B619327CCA27600E46BA1 /* InfoPlist.strings */; };
		289C763F27D02DC60059ED42 /* MenuTableViewController.swift in Sources */ = {isa = PBXBuildFile; fileRef = 289C763E27D02DC50059ED42 /* MenuTableViewController.swift */; };
/* End PBXBuildFile section */

/* Begin PBXFileReference section */
		2815211B27C333FC006E859C /* SearchResultCell.swift */ = {isa = PBXFileReference; lastKnownFileType = sourcecode.swift; path = SearchResultCell.swift; sourceTree = "<group>"; };
		2815212127C4A87C006E859C /* UIImageView+DownloadImage.swift */ = {isa = PBXFileReference; lastKnownFileType = sourcecode.swift; path = "UIImageView+DownloadImage.swift"; sourceTree = "<group>"; };
		282B434827C1624700519292 /* StoreSearch.app */ = {isa = PBXFileReference; explicitFileType = wrapper.application; includeInIndex = 0; path = StoreSearch.app; sourceTree = BUILT_PRODUCTS_DIR; };
		282B434B27C1624700519292 /* AppDelegate.swift */ = {isa = PBXFileReference; lastKnownFileType = sourcecode.swift; path = AppDelegate.swift; sourceTree = "<group>"; };
		282B434D27C1624700519292 /* SceneDelegate.swift */ = {isa = PBXFileReference; lastKnownFileType = sourcecode.swift; path = SceneDelegate.swift; sourceTree = "<group>"; };
		282B434F27C1624700519292 /* SearchViewController.swift */ = {isa = PBXFileReference; lastKnownFileType = sourcecode.swift; path = SearchViewController.swift; sourceTree = "<group>"; };
		282B435227C1624700519292 /* Base */ = {isa = PBXFileReference; lastKnownFileType = file.storyboard; name = Base; path = Base.lproj/Main.storyboard; sourceTree = "<group>"; };
		282B435427C1624B00519292 /* Assets.xcassets */ = {isa = PBXFileReference; lastKnownFileType = folder.assetcatalog; path = Assets.xcassets; sourceTree = "<group>"; };
		282B435927C1624B00519292 /* Info.plist */ = {isa = PBXFileReference; lastKnownFileType = text.plist.xml; path = Info.plist; sourceTree = "<group>"; };
		282B435F27C16BC100519292 /* SearchResult.swift */ = {isa = PBXFileReference; lastKnownFileType = sourcecode.swift; path = SearchResult.swift; sourceTree = "<group>"; };
		284C6A5027CAC33700D665F6 /* DetailViewController.swift */ = {isa = PBXFileReference; lastKnownFileType = sourcecode.swift; path = DetailViewController.swift; sourceTree = "<group>"; };
		284C6A5227CC08AD00D665F6 /* GradientView.swift */ = {isa = PBXFileReference; lastKnownFileType = sourcecode.swift; path = GradientView.swift; sourceTree = "<group>"; };
		284C6A5427CC099C00D665F6 /* BounceAnimationController.swift */ = {isa = PBXFileReference; lastKnownFileType = sourcecode.swift; path = BounceAnimationController.swift; sourceTree = "<group>"; };
		284C6A5627CC0ACA00D665F6 /* SlideOutAnimationController.swift */ = {isa = PBXFileReference; lastKnownFileType = sourcecode.swift; path = SlideOutAnimationController.swift; sourceTree = "<group>"; };
		284C6A5827CC49C900D665F6 /* LandscapeViewController.swift */ = {isa = PBXFileReference; lastKnownFileType = sourcecode.swift; path = LandscapeViewController.swift; sourceTree = "<group>"; };
		284C6A5A27CC4DB100D665F6 /* FadeOutAnimationController.swift */ = {isa = PBXFileReference; lastKnownFileType = sourcecode.swift; path = FadeOutAnimationController.swift; sourceTree = "<group>"; };
		284C6A5C27CC8E0100D665F6 /* Search.swift */ = {isa = PBXFileReference; lastKnownFileType = sourcecode.swift; path = Search.swift; sourceTree = "<group>"; };
		284C6A5F27CC978400D665F6 /* en */ = {isa = PBXFileReference; lastKnownFileType = file.xib; name = en; path = en.lproj/NothingFoundCell.xib; sourceTree = "<group>"; };
		284C6A6127CC97BB00D665F6 /* nl */ = {isa = PBXFileReference; lastKnownFileType = file.xib; name = nl; path = nl.lproj/NothingFoundCell.xib; sourceTree = "<group>"; };
		286B618027CC9A8100E46BA1 /* Base */ = {isa = PBXFileReference; lastKnownFileType = file.xib; name = Base; path = Base.lproj/LoadingCell.xib; sourceTree = "<group>"; };
		286B618327CC9AB300E46BA1 /* nl */ = {isa = PBXFileReference; lastKnownFileType = text.plist.strings; name = nl; path = nl.lproj/LoadingCell.strings; sourceTree = "<group>"; };
		286B618527CC9B6E00E46BA1 /* nl */ = {isa = PBXFileReference; lastKnownFileType = text.plist.strings; name = nl; path = nl.lproj/Main.strings; sourceTree = "<group>"; };
		286B618727CC9C1600E46BA1 /* Base */ = {isa = PBXFileReference; lastKnownFileType = file.xib; name = Base; path = Base.lproj/SearchResultCell.xib; sourceTree = "<group>"; };
		286B618C27CC9DE000E46BA1 /* en */ = {isa = PBXFileReference; lastKnownFileType = text.plist.strings; name = en; path = en.lproj/Localizable.strings; sourceTree = "<group>"; };
		286B618E27CC9E5300E46BA1 /* nl */ = {isa = PBXFileReference; lastKnownFileType = text.plist.strings; name = nl; path = nl.lproj/Localizable.strings; sourceTree = "<group>"; };
		286B619227CCA27600E46BA1 /* en */ = {isa = PBXFileReference; lastKnownFileType = text.plist.strings; name = en; path = en.lproj/InfoPlist.strings; sourceTree = "<group>"; };
		286B619427CCA27900E46BA1 /* nl */ = {isa = PBXFileReference; lastKnownFileType = text.plist.strings; name = nl; path = nl.lproj/InfoPlist.strings; sourceTree = "<group>"; };
		289C763E27D02DC50059ED42 /* MenuTableViewController.swift */ = {isa = PBXFileReference; lastKnownFileType = sourcecode.swift; path = MenuTableViewController.swift; sourceTree = "<group>"; };
/* End PBXFileReference section */

/* Begin PBXFrameworksBuildPhase section */
		282B434527C1624700519292 /* Frameworks */ = {
			isa = PBXFrameworksBuildPhase;
			buildActionMask = 2147483647;
			files = (
			);
			runOnlyForDeploymentPostprocessing = 0;
		};
/* End PBXFrameworksBuildPhase section */

/* Begin PBXGroup section */
		282B433F27C1624700519292 = {
			isa = PBXGroup;
			children = (
				282B434A27C1624700519292 /* StoreSearch */,
				282B434927C1624700519292 /* Products */,
			);
			sourceTree = "<group>";
		};
		282B434927C1624700519292 /* Products */ = {
			isa = PBXGroup;
			children = (
				282B434827C1624700519292 /* StoreSearch.app */,
			);
			name = Products;
			sourceTree = "<group>";
		};
		282B434A27C1624700519292 /* StoreSearch */ = {
			isa = PBXGroup;
			children = (
				286B619327CCA27600E46BA1 /* InfoPlist.strings */,
				282B434B27C1624700519292 /* AppDelegate.swift */,
				282B434D27C1624700519292 /* SceneDelegate.swift */,
				282B434F27C1624700519292 /* SearchViewController.swift */,
				282B435127C1624700519292 /* Main.storyboard */,
				282B435427C1624B00519292 /* Assets.xcassets */,
				282B435927C1624B00519292 /* Info.plist */,
				282B435F27C16BC100519292 /* SearchResult.swift */,
				286B618827CC9C1600E46BA1 /* SearchResultCell.xib */,
				2815211B27C333FC006E859C /* SearchResultCell.swift */,
				284C6A6027CC978400D665F6 /* NothingFoundCell.xib */,
				286B618127CC9A8100E46BA1 /* LoadingCell.xib */,
				2815212127C4A87C006E859C /* UIImageView+DownloadImage.swift */,
				284C6A5027CAC33700D665F6 /* DetailViewController.swift */,
				284C6A5227CC08AD00D665F6 /* GradientView.swift */,
				284C6A5427CC099C00D665F6 /* BounceAnimationController.swift */,
				284C6A5627CC0ACA00D665F6 /* SlideOutAnimationController.swift */,
				284C6A5827CC49C900D665F6 /* LandscapeViewController.swift */,
				284C6A5A27CC4DB100D665F6 /* FadeOutAnimationController.swift */,
				284C6A5C27CC8E0100D665F6 /* Search.swift */,
				286B618D27CC9DE000E46BA1 /* Localizable.strings */,
				289C763E27D02DC50059ED42 /* MenuTableViewController.swift */,
			);
			path = StoreSearch;
			sourceTree = "<group>";
		};
/* End PBXGroup section */

/* Begin PBXNativeTarget section */
		282B434727C1624700519292 /* StoreSearch */ = {
			isa = PBXNativeTarget;
			buildConfigurationList = 282B435C27C1624B00519292 /* Build configuration list for PBXNativeTarget "StoreSearch" */;
			buildPhases = (
				282B434427C1624700519292 /* Sources */,
				282B434527C1624700519292 /* Frameworks */,
				282B434627C1624700519292 /* Resources */,
			);
			buildRules = (
			);
			dependencies = (
			);
			name = StoreSearch;
			productName = StoreSearch;
			productReference = 282B434827C1624700519292 /* StoreSearch.app */;
			productType = "com.apple.product-type.application";
		};
/* End PBXNativeTarget section */

/* Begin PBXProject section */
		282B434027C1624700519292 /* Project object */ = {
			isa = PBXProject;
			attributes = {
				BuildIndependentTargetsInParallel = 1;
				LastSwiftUpdateCheck = 1320;
				LastUpgradeCheck = 1320;
				TargetAttributes = {
					282B434727C1624700519292 = {
						CreatedOnToolsVersion = 13.2.1;
					};
				};
			};
			buildConfigurationList = 282B434327C1624700519292 /* Build configuration list for PBXProject "StoreSearch" */;
			compatibilityVersion = "Xcode 13.0";
			developmentRegion = en;
			hasScannedForEncodings = 0;
			knownRegions = (
				en,
				Base,
				nl,
			);
			mainGroup = 282B433F27C1624700519292;
			productRefGroup = 282B434927C1624700519292 /* Products */;
			projectDirPath = "";
			projectRoot = "";
			targets = (
				282B434727C1624700519292 /* StoreSearch */,
			);
		};
/* End PBXProject section */

/* Begin PBXResourcesBuildPhase section */
		282B434627C1624700519292 /* Resources */ = {
			isa = PBXResourcesBuildPhase;
			buildActionMask = 2147483647;
			files = (
				282B435527C1624B00519292 /* Assets.xcassets in Resources */,
				286B619127CCA27600E46BA1 /* InfoPlist.strings in Resources */,
				286B618B27CC9DE000E46BA1 /* Localizable.strings in Resources */,
				286B617F27CC9A8100E46BA1 /* LoadingCell.xib in Resources */,
				286B618627CC9C1600E46BA1 /* SearchResultCell.xib in Resources */,
				284C6A5E27CC978400D665F6 /* NothingFoundCell.xib in Resources */,
				282B435327C1624700519292 /* Main.storyboard in Resources */,
			);
			runOnlyForDeploymentPostprocessing = 0;
		};
/* End PBXResourcesBuildPhase section */

/* Begin PBXSourcesBuildPhase section */
		282B434427C1624700519292 /* Sources */ = {
			isa = PBXSourcesBuildPhase;
			buildActionMask = 2147483647;
			files = (
				284C6A5D27CC8E0100D665F6 /* Search.swift in Sources */,
				282B435027C1624700519292 /* SearchViewController.swift in Sources */,
				282B434C27C1624700519292 /* AppDelegate.swift in Sources */,
				284C6A5B27CC4DB100D665F6 /* FadeOutAnimationController.swift in Sources */,
				2815212227C4A87C006E859C /* UIImageView+DownloadImage.swift in Sources */,
				282B436027C16BC100519292 /* SearchResult.swift in Sources */,
				284C6A5527CC099C00D665F6 /* BounceAnimationController.swift in Sources */,
				284C6A5927CC49C900D665F6 /* LandscapeViewController.swift in Sources */,
				289C763F27D02DC60059ED42 /* MenuTableViewController.swift in Sources */,
				282B434E27C1624700519292 /* SceneDelegate.swift in Sources */,
				2815211C27C333FC006E859C /* SearchResultCell.swift in Sources */,
				284C6A5327CC08AD00D665F6 /* GradientView.swift in Sources */,
				284C6A5127CAC33700D665F6 /* DetailViewController.swift in Sources */,
				284C6A5727CC0ACA00D665F6 /* SlideOutAnimationController.swift in Sources */,
			);
			runOnlyForDeploymentPostprocessing = 0;
		};
/* End PBXSourcesBuildPhase section */

/* Begin PBXVariantGroup section */
		282B435127C1624700519292 /* Main.storyboard */ = {
			isa = PBXVariantGroup;
			children = (
				282B435227C1624700519292 /* Base */,
				286B618527CC9B6E00E46BA1 /* nl */,
			);
			name = Main.storyboard;
			sourceTree = "<group>";
		};
		284C6A6027CC978400D665F6 /* NothingFoundCell.xib */ = {
			isa = PBXVariantGroup;
			children = (
				284C6A5F27CC978400D665F6 /* en */,
				284C6A6127CC97BB00D665F6 /* nl */,
			);
			name = NothingFoundCell.xib;
			sourceTree = "<group>";
		};
		286B618127CC9A8100E46BA1 /* LoadingCell.xib */ = {
			isa = PBXVariantGroup;
			children = (
				286B618027CC9A8100E46BA1 /* Base */,
				286B618327CC9AB300E46BA1 /* nl */,
			);
			name = LoadingCell.xib;
			sourceTree = "<group>";
		};
		286B618827CC9C1600E46BA1 /* SearchResultCell.xib */ = {
			isa = PBXVariantGroup;
			children = (
				286B618727CC9C1600E46BA1 /* Base */,
			);
			name = SearchResultCell.xib;
			sourceTree = "<group>";
		};
		286B618D27CC9DE000E46BA1 /* Localizable.strings */ = {
			isa = PBXVariantGroup;
			children = (
				286B618C27CC9DE000E46BA1 /* en */,
				286B618E27CC9E5300E46BA1 /* nl */,
			);
			name = Localizable.strings;
			sourceTree = "<group>";
		};
		286B619327CCA27600E46BA1 /* InfoPlist.strings */ = {
			isa = PBXVariantGroup;
			children = (
				286B619227CCA27600E46BA1 /* en */,
				286B619427CCA27900E46BA1 /* nl */,
			);
			name = InfoPlist.strings;
			sourceTree = "<group>";
		};
/* End PBXVariantGroup section */

/* Begin XCBuildConfiguration section */
		282B435A27C1624B00519292 /* Debug */ = {
			isa = XCBuildConfiguration;
			buildSettings = {
				ALWAYS_SEARCH_USER_PATHS = NO;
				CLANG_ANALYZER_LOCALIZABILITY_NONLOCALIZED = YES;
				CLANG_ANALYZER_NONNULL = YES;
				CLANG_ANALYZER_NUMBER_OBJECT_CONVERSION = YES_AGGRESSIVE;
				CLANG_CXX_LANGUAGE_STANDARD = "gnu++17";
				CLANG_CXX_LIBRARY = "libc++";
				CLANG_ENABLE_MODULES = YES;
				CLANG_ENABLE_OBJC_ARC = YES;
				CLANG_ENABLE_OBJC_WEAK = YES;
				CLANG_WARN_BLOCK_CAPTURE_AUTORELEASING = YES;
				CLANG_WARN_BOOL_CONVERSION = YES;
				CLANG_WARN_COMMA = YES;
				CLANG_WARN_CONSTANT_CONVERSION = YES;
				CLANG_WARN_DEPRECATED_OBJC_IMPLEMENTATIONS = YES;
				CLANG_WARN_DIRECT_OBJC_ISA_USAGE = YES_ERROR;
				CLANG_WARN_DOCUMENTATION_COMMENTS = YES;
				CLANG_WARN_EMPTY_BODY = YES;
				CLANG_WARN_ENUM_CONVERSION = YES;
				CLANG_WARN_INFINITE_RECURSION = YES;
				CLANG_WARN_INT_CONVERSION = YES;
				CLANG_WARN_NON_LITERAL_NULL_CONVERSION = YES;
				CLANG_WARN_OBJC_IMPLICIT_RETAIN_SELF = YES;
				CLANG_WARN_OBJC_LITERAL_CONVERSION = YES;
				CLANG_WARN_OBJC_ROOT_CLASS = YES_ERROR;
				CLANG_WARN_QUOTED_INCLUDE_IN_FRAMEWORK_HEADER = YES;
				CLANG_WARN_RANGE_LOOP_ANALYSIS = YES;
				CLANG_WARN_STRICT_PROTOTYPES = YES;
				CLANG_WARN_SUSPICIOUS_MOVE = YES;
				CLANG_WARN_UNGUARDED_AVAILABILITY = YES_AGGRESSIVE;
				CLANG_WARN_UNREACHABLE_CODE = YES;
				CLANG_WARN__DUPLICATE_METHOD_MATCH = YES;
				COPY_PHASE_STRIP = NO;
				DEBUG_INFORMATION_FORMAT = dwarf;
				ENABLE_STRICT_OBJC_MSGSEND = YES;
				ENABLE_TESTABILITY = YES;
				GCC_C_LANGUAGE_STANDARD = gnu11;
				GCC_DYNAMIC_NO_PIC = NO;
				GCC_NO_COMMON_BLOCKS = YES;
				GCC_OPTIMIZATION_LEVEL = 0;
				GCC_PREPROCESSOR_DEFINITIONS = (
					"DEBUG=1",
					"$(inherited)",
				);
				GCC_WARN_64_TO_32_BIT_CONVERSION = YES;
				GCC_WARN_ABOUT_RETURN_TYPE = YES_ERROR;
				GCC_WARN_UNDECLARED_SELECTOR = YES;
				GCC_WARN_UNINITIALIZED_AUTOS = YES_AGGRESSIVE;
				GCC_WARN_UNUSED_FUNCTION = YES;
				GCC_WARN_UNUSED_VARIABLE = YES;
				IPHONEOS_DEPLOYMENT_TARGET = 15.2;
				MTL_ENABLE_DEBUG_INFO = INCLUDE_SOURCE;
				MTL_FAST_MATH = YES;
				ONLY_ACTIVE_ARCH = YES;
				SDKROOT = iphoneos;
				SWIFT_ACTIVE_COMPILATION_CONDITIONS = DEBUG;
				SWIFT_OPTIMIZATION_LEVEL = "-Onone";
			};
			name = Debug;
		};
		282B435B27C1624B00519292 /* Release */ = {
			isa = XCBuildConfiguration;
			buildSettings = {
				ALWAYS_SEARCH_USER_PATHS = NO;
				CLANG_ANALYZER_LOCALIZABILITY_NONLOCALIZED = YES;
				CLANG_ANALYZER_NONNULL = YES;
				CLANG_ANALYZER_NUMBER_OBJECT_CONVERSION = YES_AGGRESSIVE;
				CLANG_CXX_LANGUAGE_STANDARD = "gnu++17";
				CLANG_CXX_LIBRARY = "libc++";
				CLANG_ENABLE_MODULES = YES;
				CLANG_ENABLE_OBJC_ARC = YES;
				CLANG_ENABLE_OBJC_WEAK = YES;
				CLANG_WARN_BLOCK_CAPTURE_AUTORELEASING = YES;
				CLANG_WARN_BOOL_CONVERSION = YES;
				CLANG_WARN_COMMA = YES;
				CLANG_WARN_CONSTANT_CONVERSION = YES;
				CLANG_WARN_DEPRECATED_OBJC_IMPLEMENTATIONS = YES;
				CLANG_WARN_DIRECT_OBJC_ISA_USAGE = YES_ERROR;
				CLANG_WARN_DOCUMENTATION_COMMENTS = YES;
				CLANG_WARN_EMPTY_BODY = YES;
				CLANG_WARN_ENUM_CONVERSION = YES;
				CLANG_WARN_INFINITE_RECURSION = YES;
				CLANG_WARN_INT_CONVERSION = YES;
				CLANG_WARN_NON_LITERAL_NULL_CONVERSION = YES;
				CLANG_WARN_OBJC_IMPLICIT_RETAIN_SELF = YES;
				CLANG_WARN_OBJC_LITERAL_CONVERSION = YES;
				CLANG_WARN_OBJC_ROOT_CLASS = YES_ERROR;
				CLANG_WARN_QUOTED_INCLUDE_IN_FRAMEWORK_HEADER = YES;
				CLANG_WARN_RANGE_LOOP_ANALYSIS = YES;
				CLANG_WARN_STRICT_PROTOTYPES = YES;
				CLANG_WARN_SUSPICIOUS_MOVE = YES;
				CLANG_WARN_UNGUARDED_AVAILABILITY = YES_AGGRESSIVE;
				CLANG_WARN_UNREACHABLE_CODE = YES;
				CLANG_WARN__DUPLICATE_METHOD_MATCH = YES;
				COPY_PHASE_STRIP = NO;
				DEBUG_INFORMATION_FORMAT = "dwarf-with-dsym";
				ENABLE_NS_ASSERTIONS = NO;
				ENABLE_STRICT_OBJC_MSGSEND = YES;
				GCC_C_LANGUAGE_STANDARD = gnu11;
				GCC_NO_COMMON_BLOCKS = YES;
				GCC_WARN_64_TO_32_BIT_CONVERSION = YES;
				GCC_WARN_ABOUT_RETURN_TYPE = YES_ERROR;
				GCC_WARN_UNDECLARED_SELECTOR = YES;
				GCC_WARN_UNINITIALIZED_AUTOS = YES_AGGRESSIVE;
				GCC_WARN_UNUSED_FUNCTION = YES;
				GCC_WARN_UNUSED_VARIABLE = YES;
				IPHONEOS_DEPLOYMENT_TARGET = 15.2;
				MTL_ENABLE_DEBUG_INFO = NO;
				MTL_FAST_MATH = YES;
				SDKROOT = iphoneos;
				SWIFT_COMPILATION_MODE = wholemodule;
				SWIFT_OPTIMIZATION_LEVEL = "-O";
				VALIDATE_PRODUCT = YES;
			};
			name = Release;
		};
		282B435D27C1624B00519292 /* Debug */ = {
			isa = XCBuildConfiguration;
			buildSettings = {
				ASSETCATALOG_COMPILER_APPICON_NAME = AppIcon;
				ASSETCATALOG_COMPILER_GLOBAL_ACCENT_COLOR_NAME = AccentColor;
				CODE_SIGN_STYLE = Automatic;
				CURRENT_PROJECT_VERSION = 1;
				GENERATE_INFOPLIST_FILE = YES;
				INFOPLIST_FILE = StoreSearch/Info.plist;
				INFOPLIST_KEY_UIApplicationSupportsIndirectInputEvents = YES;
				INFOPLIST_KEY_UILaunchStoryboardName = Main;
				INFOPLIST_KEY_UIMainStoryboardFile = Main;
				INFOPLIST_KEY_UISupportedInterfaceOrientations_iPad = "UIInterfaceOrientationPortrait UIInterfaceOrientationPortraitUpsideDown UIInterfaceOrientationLandscapeLeft UIInterfaceOrientationLandscapeRight";
				INFOPLIST_KEY_UISupportedInterfaceOrientations_iPhone = "UIInterfaceOrientationPortrait UIInterfaceOrientationLandscapeLeft UIInterfaceOrientationLandscapeRight";
				LD_RUNPATH_SEARCH_PATHS = (
					"$(inherited)",
					"@executable_path/Frameworks",
				);
				MARKETING_VERSION = 1.0;
				PRODUCT_BUNDLE_IDENTIFIER = com.wdbard.StoreSearch;
				PRODUCT_NAME = "$(TARGET_NAME)";
				SWIFT_EMIT_LOC_STRINGS = YES;
				SWIFT_VERSION = 5.0;
				TARGETED_DEVICE_FAMILY = "1,2";
			};
			name = Debug;
		};
		282B435E27C1624B00519292 /* Release */ = {
			isa = XCBuildConfiguration;
			buildSettings = {
				ASSETCATALOG_COMPILER_APPICON_NAME = AppIcon;
				ASSETCATALOG_COMPILER_GLOBAL_ACCENT_COLOR_NAME = AccentColor;
				CODE_SIGN_STYLE = Automatic;
				CURRENT_PROJECT_VERSION = 1;
				GENERATE_INFOPLIST_FILE = YES;
				INFOPLIST_FILE = StoreSearch/Info.plist;
				INFOPLIST_KEY_UIApplicationSupportsIndirectInputEvents = YES;
				INFOPLIST_KEY_UILaunchStoryboardName = Main;
				INFOPLIST_KEY_UIMainStoryboardFile = Main;
				INFOPLIST_KEY_UISupportedInterfaceOrientations_iPad = "UIInterfaceOrientationPortrait UIInterfaceOrientationPortraitUpsideDown UIInterfaceOrientationLandscapeLeft UIInterfaceOrientationLandscapeRight";
				INFOPLIST_KEY_UISupportedInterfaceOrientations_iPhone = "UIInterfaceOrientationPortrait UIInterfaceOrientationLandscapeLeft UIInterfaceOrientationLandscapeRight";
				LD_RUNPATH_SEARCH_PATHS = (
					"$(inherited)",
					"@executable_path/Frameworks",
				);
				MARKETING_VERSION = 1.0;
				PRODUCT_BUNDLE_IDENTIFIER = com.wdbard.StoreSearch;
				PRODUCT_NAME = "$(TARGET_NAME)";
				SWIFT_EMIT_LOC_STRINGS = YES;
				SWIFT_VERSION = 5.0;
				TARGETED_DEVICE_FAMILY = "1,2";
			};
			name = Release;
		};
/* End XCBuildConfiguration section */

/* Begin XCConfigurationList section */
		282B434327C1624700519292 /* Build configuration list for PBXProject "StoreSearch" */ = {
			isa = XCConfigurationList;
			buildConfigurations = (
				282B435A27C1624B00519292 /* Debug */,
				282B435B27C1624B00519292 /* Release */,
			);
			defaultConfigurationIsVisible = 0;
			defaultConfigurationName = Release;
		};
		282B435C27C1624B00519292 /* Build configuration list for PBXNativeTarget "StoreSearch" */ = {
			isa = XCConfigurationList;
			buildConfigurations = (
				282B435D27C1624B00519292 /* Debug */,
				282B435E27C1624B00519292 /* Release */,
			);
			defaultConfigurationIsVisible = 0;
			defaultConfigurationName = Release;
		};
/* End XCConfigurationList section */
	};
	rootObject = 282B434027C1624700519292 /* Project object */;
}
